
Microsoft Visual Studio Solution File, Format Version 12.00
# Visual Studio Version 17
VisualStudioVersion = 17.3.32825.248
MinimumVisualStudioVersion = 10.0.40219.1
Project("{FAE04EC0-301F-11D3-BF4B-00C04F79EFBC}") = "SlotForms", "SlotForms\SlotForms.csproj", "{EA8B71F2-F4FD-48B4-BD0D-08B0A91E19FA}"
EndProject
Global
	GlobalSection(SolutionConfigurationPlatforms) = preSolution
		Debug|Any CPU = Debug|Any CPU
		Release|Any CPU = Release|Any CPU
	EndGlobalSection
	GlobalSection(ProjectConfigurationPlatforms) = postSolution
		{EA8B71F2-F4FD-48B4-BD0D-08B0A91E19FA}.Debug|Any CPU.ActiveCfg = Debug|Any CPU
		{EA8B71F2-F4FD-48B4-BD0D-08B0A91E19FA}.Debug|Any CPU.Build.0 = Debug|Any CPU
		{EA8B71F2-F4FD-48B4-BD0D-08B0A91E19FA}.Release|Any CPU.ActiveCfg = Release|Any CPU
		{EA8B71F2-F4FD-48B4-BD0D-08B0A91E19FA}.Release|Any CPU.Build.0 = Release|Any CPU
	EndGlobalSection
	GlobalSection(SolutionProperties) = preSolution
		HideSolutionNode = FALSE
	EndGlobalSection
	GlobalSection(ExtensibilityGlobals) = postSolution
		SolutionGuid = {6EFF7407-0E2E-4ED4-8103-50689BB634F3}
	EndGlobalSection
EndGlobal
